
Microsoft Visual Studio Solution File, Format Version 12.00
# Visual Studio 14
VisualStudioVersion = 14.0.25420.1
MinimumVisualStudioVersion = 10.0.40219.1
Project("{2150E333-8FDC-42A3-9474-1A3956D46DE8}") = "Services", "Services", "{88D0120C-F1F3-4B4A-BDC0-37872E2E2898}"
EndProject
Project("{2150E333-8FDC-42A3-9474-1A3956D46DE8}") = "Shared", "Shared", "{16CA9069-7D8E-475D-B1D9-EA76AB1FF47A}"
EndProject
Project("{2150E333-8FDC-42A3-9474-1A3956D46DE8}") = "Repositories", "Repositories", "{D3790D32-BF93-41A8-868F-5B682F0D80D7}"
EndProject
Project("{FAE04EC0-301F-11D3-BF4B-00C04F79EFBC}") = "NCAAFRankingViewer.SharedObjects", "NCAAFRankingViewer.SharedObjects\NCAAFRankingViewer.SharedObjects.csproj", "{8353E497-A7BF-4899-82A0-BF73035730E9}"
EndProject
Project("{FAE04EC0-301F-11D3-BF4B-00C04F79EFBC}") = "NCAAFRepository.Service", "NCAAFRepository.Service\NCAAFRepository.Service.csproj", "{28741FF5-4DE7-4BE8-9837-D772B17A7388}"
	ProjectSection(ProjectDependencies) = postProject
		{F04DD37A-B421-4012-9892-117002E42785} = {F04DD37A-B421-4012-9892-117002E42785}
	EndProjectSection
EndProject
Project("{FAE04EC0-301F-11D3-BF4B-00C04F79EFBC}") = "NCAAFRepository.Interface", "NCAAFRepository.Interface\NCAAFRepository.Interface.csproj", "{106A9498-01BD-474A-BE5C-2B2DE1FE4716}"
EndProject
Project("{FAE04EC0-301F-11D3-BF4B-00C04F79EFBC}") = "NCAAFLatestRankings.Service", "NCAAFLatestRankings.Service\NCAAFLatestRankings.Service.csproj", "{F04DD37A-B421-4012-9892-117002E42785}"
EndProject
Project("{FAE04EC0-301F-11D3-BF4B-00C04F79EFBC}") = "NCAAFRepository.CSV", "NCAAFRepository.CSV\NCAAFRepository.CSV.csproj", "{5A78473A-B561-4917-B36C-B54703EB2133}"
EndProject
Project("{2150E333-8FDC-42A3-9474-1A3956D46DE8}") = "Presentation", "Presentation", "{B2BD723E-5EBC-4F99-BFCA-B2C784EB9937}"
EndProject
Project("{FAE04EC0-301F-11D3-BF4B-00C04F79EFBC}") = "NCAAFTeamViewer", "NCAAFTeamViewer.Presentation\NCAAFTeamViewer.csproj", "{D1D145DE-5F8D-4EBA-9DBF-9106D7D940F1}"
EndProject
Project("{2150E333-8FDC-42A3-9474-1A3956D46DE8}") = "ApplicationView", "ApplicationView", "{34F687A3-9468-45DE-AF61-0B772192D0A1}"
EndProject
Project("{2150E333-8FDC-42A3-9474-1A3956D46DE8}") = "Application.DecoupledDI", "Application.DecoupledDI", "{02B11D2D-C011-45B0-84C5-4B86A744F92D}"
EndProject
Project("{FAE04EC0-301F-11D3-BF4B-00C04F79EFBC}") = "TeamView.View", "TeamView.View\TeamView.View.csproj", "{6296DDEB-CC8B-4768-BF32-3BF1D5CB743E}"
EndProject
Project("{FAE04EC0-301F-11D3-BF4B-00C04F79EFBC}") = "TeamView", "TeamView\TeamView.csproj", "{AB8A63D8-EDE3-455A-B513-D5FB17DDEBD8}"
EndProject
Project("{2150E333-8FDC-42A3-9474-1A3956D46DE8}") = "Application.Unity", "Application.Unity", "{63F97F8F-5ED6-4172-B7DB-F4608E5BFFD9}"
EndProject
Project("{FAE04EC0-301F-11D3-BF4B-00C04F79EFBC}") = "TeamView.Unity", "TeamView.Unity\TeamView.Unity.csproj", "{E9A12053-6596-4CC8-B31C-515762985837}"
EndProject
Project("{2150E333-8FDC-42A3-9474-1A3956D46DE8}") = "NCAAFUnitTests", "NCAAFUnitTests", "{B0A167B6-FA25-41EE-A0FB-133533AABFC8}"
EndProject
Project("{FAE04EC0-301F-11D3-BF4B-00C04F79EFBC}") = "NCAAFUnitTests", "NCAAFUnitTests\NCAAFUnitTests.csproj", "{08032031-71FA-4F16-B306-DB5F2903DEFD}"
EndProject
Project("{FAE04EC0-301F-11D3-BF4B-00C04F79EFBC}") = "NCAAFRepository.GetLatestRankings", "NCAAFRepository.GetLatestRankings\NCAAFRepository.GetLatestRankings.csproj", "{1025CB56-7844-41E2-B77B-F490B12ACA8B}"
EndProject
Project("{2150E333-8FDC-42A3-9474-1A3956D46DE8}") = "CustomIoCContainer", "CustomIoCContainer", "{FF27BF5B-1169-4FBC-907C-EDBA5F4F9113}"
EndProject
Project("{FAE04EC0-301F-11D3-BF4B-00C04F79EFBC}") = "IoCCustomContainer", "IoCCustomContainer\IoCCustomContainer.csproj", "{82E174CA-BA67-4BD3-B026-4A1E946015D5}"
EndProject
Project("{2150E333-8FDC-42A3-9474-1A3956D46DE8}") = "Application.CustomContainer", "Application.CustomContainer", "{8EDD5B62-20F7-4DAD-B935-F6937D958D88}"
EndProject
Project("{FAE04EC0-301F-11D3-BF4B-00C04F79EFBC}") = "TeamView.Custom", "TeamView.CustomContainer\TeamView.Custom.csproj", "{B79E224E-773F-4FD4-AA31-8BCDD0657FAA}"
EndProject
Global
	GlobalSection(SolutionConfigurationPlatforms) = preSolution
		Debug|Any CPU = Debug|Any CPU
		Debug|ARM = Debug|ARM
		Debug|x64 = Debug|x64
		Debug|x86 = Debug|x86
		Release|Any CPU = Release|Any CPU
		Release|ARM = Release|ARM
		Release|x64 = Release|x64
		Release|x86 = Release|x86
	EndGlobalSection
	GlobalSection(ProjectConfigurationPlatforms) = postSolution
		{8353E497-A7BF-4899-82A0-BF73035730E9}.Debug|Any CPU.ActiveCfg = Debug|Any CPU
		{8353E497-A7BF-4899-82A0-BF73035730E9}.Debug|Any CPU.Build.0 = Debug|Any CPU
		{8353E497-A7BF-4899-82A0-BF73035730E9}.Debug|ARM.ActiveCfg = Debug|Any CPU
		{8353E497-A7BF-4899-82A0-BF73035730E9}.Debug|ARM.Build.0 = Debug|Any CPU
		{8353E497-A7BF-4899-82A0-BF73035730E9}.Debug|x64.ActiveCfg = Debug|Any CPU
		{8353E497-A7BF-4899-82A0-BF73035730E9}.Debug|x64.Build.0 = Debug|Any CPU
		{8353E497-A7BF-4899-82A0-BF73035730E9}.Debug|x86.ActiveCfg = Debug|Any CPU
		{8353E497-A7BF-4899-82A0-BF73035730E9}.Debug|x86.Build.0 = Debug|Any CPU
		{8353E497-A7BF-4899-82A0-BF73035730E9}.Release|Any CPU.ActiveCfg = Release|Any CPU
		{8353E497-A7BF-4899-82A0-BF73035730E9}.Release|Any CPU.Build.0 = Release|Any CPU
		{8353E497-A7BF-4899-82A0-BF73035730E9}.Release|ARM.ActiveCfg = Release|Any CPU
		{8353E497-A7BF-4899-82A0-BF73035730E9}.Release|ARM.Build.0 = Release|Any CPU
		{8353E497-A7BF-4899-82A0-BF73035730E9}.Release|x64.ActiveCfg = Release|Any CPU
		{8353E497-A7BF-4899-82A0-BF73035730E9}.Release|x64.Build.0 = Release|Any CPU
		{8353E497-A7BF-4899-82A0-BF73035730E9}.Release|x86.ActiveCfg = Release|Any CPU
		{8353E497-A7BF-4899-82A0-BF73035730E9}.Release|x86.Build.0 = Release|Any CPU
		{28741FF5-4DE7-4BE8-9837-D772B17A7388}.Debug|Any CPU.ActiveCfg = Debug|Any CPU
		{28741FF5-4DE7-4BE8-9837-D772B17A7388}.Debug|Any CPU.Build.0 = Debug|Any CPU
		{28741FF5-4DE7-4BE8-9837-D772B17A7388}.Debug|ARM.ActiveCfg = Debug|Any CPU
		{28741FF5-4DE7-4BE8-9837-D772B17A7388}.Debug|ARM.Build.0 = Debug|Any CPU
		{28741FF5-4DE7-4BE8-9837-D772B17A7388}.Debug|x64.ActiveCfg = Debug|Any CPU
		{28741FF5-4DE7-4BE8-9837-D772B17A7388}.Debug|x64.Build.0 = Debug|Any CPU
		{28741FF5-4DE7-4BE8-9837-D772B17A7388}.Debug|x86.ActiveCfg = Debug|Any CPU
		{28741FF5-4DE7-4BE8-9837-D772B17A7388}.Debug|x86.Build.0 = Debug|Any CPU
		{28741FF5-4DE7-4BE8-9837-D772B17A7388}.Release|Any CPU.ActiveCfg = Release|Any CPU
		{28741FF5-4DE7-4BE8-9837-D772B17A7388}.Release|Any CPU.Build.0 = Release|Any CPU
		{28741FF5-4DE7-4BE8-9837-D772B17A7388}.Release|ARM.ActiveCfg = Release|Any CPU
		{28741FF5-4DE7-4BE8-9837-D772B17A7388}.Release|ARM.Build.0 = Release|Any CPU
		{28741FF5-4DE7-4BE8-9837-D772B17A7388}.Release|x64.ActiveCfg = Release|Any CPU
		{28741FF5-4DE7-4BE8-9837-D772B17A7388}.Release|x64.Build.0 = Release|Any CPU
		{28741FF5-4DE7-4BE8-9837-D772B17A7388}.Release|x86.ActiveCfg = Release|Any CPU
		{28741FF5-4DE7-4BE8-9837-D772B17A7388}.Release|x86.Build.0 = Release|Any CPU
		{106A9498-01BD-474A-BE5C-2B2DE1FE4716}.Debug|Any CPU.ActiveCfg = Debug|Any CPU
		{106A9498-01BD-474A-BE5C-2B2DE1FE4716}.Debug|Any CPU.Build.0 = Debug|Any CPU
		{106A9498-01BD-474A-BE5C-2B2DE1FE4716}.Debug|ARM.ActiveCfg = Debug|Any CPU
		{106A9498-01BD-474A-BE5C-2B2DE1FE4716}.Debug|ARM.Build.0 = Debug|Any CPU
		{106A9498-01BD-474A-BE5C-2B2DE1FE4716}.Debug|x64.ActiveCfg = Debug|Any CPU
		{106A9498-01BD-474A-BE5C-2B2DE1FE4716}.Debug|x64.Build.0 = Debug|Any CPU
		{106A9498-01BD-474A-BE5C-2B2DE1FE4716}.Debug|x86.ActiveCfg = Debug|Any CPU
		{106A9498-01BD-474A-BE5C-2B2DE1FE4716}.Debug|x86.Build.0 = Debug|Any CPU
		{106A9498-01BD-474A-BE5C-2B2DE1FE4716}.Release|Any CPU.ActiveCfg = Release|Any CPU
		{106A9498-01BD-474A-BE5C-2B2DE1FE4716}.Release|Any CPU.Build.0 = Release|Any CPU
		{106A9498-01BD-474A-BE5C-2B2DE1FE4716}.Release|ARM.ActiveCfg = Release|Any CPU
		{106A9498-01BD-474A-BE5C-2B2DE1FE4716}.Release|ARM.Build.0 = Release|Any CPU
		{106A9498-01BD-474A-BE5C-2B2DE1FE4716}.Release|x64.ActiveCfg = Release|Any CPU
		{106A9498-01BD-474A-BE5C-2B2DE1FE4716}.Release|x64.Build.0 = Release|Any CPU
		{106A9498-01BD-474A-BE5C-2B2DE1FE4716}.Release|x86.ActiveCfg = Release|Any CPU
		{106A9498-01BD-474A-BE5C-2B2DE1FE4716}.Release|x86.Build.0 = Release|Any CPU
		{F04DD37A-B421-4012-9892-117002E42785}.Debug|Any CPU.ActiveCfg = Debug|Any CPU
		{F04DD37A-B421-4012-9892-117002E42785}.Debug|Any CPU.Build.0 = Debug|Any CPU
		{F04DD37A-B421-4012-9892-117002E42785}.Debug|ARM.ActiveCfg = Debug|Any CPU
		{F04DD37A-B421-4012-9892-117002E42785}.Debug|ARM.Build.0 = Debug|Any CPU
		{F04DD37A-B421-4012-9892-117002E42785}.Debug|x64.ActiveCfg = Debug|Any CPU
		{F04DD37A-B421-4012-9892-117002E42785}.Debug|x64.Build.0 = Debug|Any CPU
		{F04DD37A-B421-4012-9892-117002E42785}.Debug|x86.ActiveCfg = Debug|Any CPU
		{F04DD37A-B421-4012-9892-117002E42785}.Debug|x86.Build.0 = Debug|Any CPU
		{F04DD37A-B421-4012-9892-117002E42785}.Release|Any CPU.ActiveCfg = Release|Any CPU
		{F04DD37A-B421-4012-9892-117002E42785}.Release|Any CPU.Build.0 = Release|Any CPU
		{F04DD37A-B421-4012-9892-117002E42785}.Release|ARM.ActiveCfg = Release|Any CPU
		{F04DD37A-B421-4012-9892-117002E42785}.Release|ARM.Build.0 = Release|Any CPU
		{F04DD37A-B421-4012-9892-117002E42785}.Release|x64.ActiveCfg = Release|Any CPU
		{F04DD37A-B421-4012-9892-117002E42785}.Release|x64.Build.0 = Release|Any CPU
		{F04DD37A-B421-4012-9892-117002E42785}.Release|x86.ActiveCfg = Release|Any CPU
		{F04DD37A-B421-4012-9892-117002E42785}.Release|x86.Build.0 = Release|Any CPU
		{5A78473A-B561-4917-B36C-B54703EB2133}.Debug|Any CPU.ActiveCfg = Debug|Any CPU
		{5A78473A-B561-4917-B36C-B54703EB2133}.Debug|Any CPU.Build.0 = Debug|Any CPU
		{5A78473A-B561-4917-B36C-B54703EB2133}.Debug|ARM.ActiveCfg = Debug|Any CPU
		{5A78473A-B561-4917-B36C-B54703EB2133}.Debug|ARM.Build.0 = Debug|Any CPU
		{5A78473A-B561-4917-B36C-B54703EB2133}.Debug|x64.ActiveCfg = Debug|Any CPU
		{5A78473A-B561-4917-B36C-B54703EB2133}.Debug|x64.Build.0 = Debug|Any CPU
		{5A78473A-B561-4917-B36C-B54703EB2133}.Debug|x86.ActiveCfg = Debug|Any CPU
		{5A78473A-B561-4917-B36C-B54703EB2133}.Debug|x86.Build.0 = Debug|Any CPU
		{5A78473A-B561-4917-B36C-B54703EB2133}.Release|Any CPU.ActiveCfg = Release|Any CPU
		{5A78473A-B561-4917-B36C-B54703EB2133}.Release|Any CPU.Build.0 = Release|Any CPU
		{5A78473A-B561-4917-B36C-B54703EB2133}.Release|ARM.ActiveCfg = Release|Any CPU
		{5A78473A-B561-4917-B36C-B54703EB2133}.Release|ARM.Build.0 = Release|Any CPU
		{5A78473A-B561-4917-B36C-B54703EB2133}.Release|x64.ActiveCfg = Release|Any CPU
		{5A78473A-B561-4917-B36C-B54703EB2133}.Release|x64.Build.0 = Release|Any CPU
		{5A78473A-B561-4917-B36C-B54703EB2133}.Release|x86.ActiveCfg = Release|Any CPU
		{5A78473A-B561-4917-B36C-B54703EB2133}.Release|x86.Build.0 = Release|Any CPU
		{D1D145DE-5F8D-4EBA-9DBF-9106D7D940F1}.Debug|Any CPU.ActiveCfg = Debug|Any CPU
		{D1D145DE-5F8D-4EBA-9DBF-9106D7D940F1}.Debug|Any CPU.Build.0 = Debug|Any CPU
		{D1D145DE-5F8D-4EBA-9DBF-9106D7D940F1}.Debug|ARM.ActiveCfg = Debug|Any CPU
		{D1D145DE-5F8D-4EBA-9DBF-9106D7D940F1}.Debug|ARM.Build.0 = Debug|Any CPU
		{D1D145DE-5F8D-4EBA-9DBF-9106D7D940F1}.Debug|x64.ActiveCfg = Debug|Any CPU
		{D1D145DE-5F8D-4EBA-9DBF-9106D7D940F1}.Debug|x64.Build.0 = Debug|Any CPU
		{D1D145DE-5F8D-4EBA-9DBF-9106D7D940F1}.Debug|x86.ActiveCfg = Debug|Any CPU
		{D1D145DE-5F8D-4EBA-9DBF-9106D7D940F1}.Debug|x86.Build.0 = Debug|Any CPU
		{D1D145DE-5F8D-4EBA-9DBF-9106D7D940F1}.Release|Any CPU.ActiveCfg = Release|Any CPU
		{D1D145DE-5F8D-4EBA-9DBF-9106D7D940F1}.Release|Any CPU.Build.0 = Release|Any CPU
		{D1D145DE-5F8D-4EBA-9DBF-9106D7D940F1}.Release|ARM.ActiveCfg = Release|Any CPU
		{D1D145DE-5F8D-4EBA-9DBF-9106D7D940F1}.Release|ARM.Build.0 = Release|Any CPU
		{D1D145DE-5F8D-4EBA-9DBF-9106D7D940F1}.Release|x64.ActiveCfg = Release|Any CPU
		{D1D145DE-5F8D-4EBA-9DBF-9106D7D940F1}.Release|x64.Build.0 = Release|Any CPU
		{D1D145DE-5F8D-4EBA-9DBF-9106D7D940F1}.Release|x86.ActiveCfg = Release|Any CPU
		{D1D145DE-5F8D-4EBA-9DBF-9106D7D940F1}.Release|x86.Build.0 = Release|Any CPU
		{6296DDEB-CC8B-4768-BF32-3BF1D5CB743E}.Debug|Any CPU.ActiveCfg = Debug|Any CPU
		{6296DDEB-CC8B-4768-BF32-3BF1D5CB743E}.Debug|Any CPU.Build.0 = Debug|Any CPU
		{6296DDEB-CC8B-4768-BF32-3BF1D5CB743E}.Debug|ARM.ActiveCfg = Debug|Any CPU
		{6296DDEB-CC8B-4768-BF32-3BF1D5CB743E}.Debug|ARM.Build.0 = Debug|Any CPU
		{6296DDEB-CC8B-4768-BF32-3BF1D5CB743E}.Debug|x64.ActiveCfg = Debug|Any CPU
		{6296DDEB-CC8B-4768-BF32-3BF1D5CB743E}.Debug|x64.Build.0 = Debug|Any CPU
		{6296DDEB-CC8B-4768-BF32-3BF1D5CB743E}.Debug|x86.ActiveCfg = Debug|Any CPU
		{6296DDEB-CC8B-4768-BF32-3BF1D5CB743E}.Debug|x86.Build.0 = Debug|Any CPU
		{6296DDEB-CC8B-4768-BF32-3BF1D5CB743E}.Release|Any CPU.ActiveCfg = Release|Any CPU
		{6296DDEB-CC8B-4768-BF32-3BF1D5CB743E}.Release|Any CPU.Build.0 = Release|Any CPU
		{6296DDEB-CC8B-4768-BF32-3BF1D5CB743E}.Release|ARM.ActiveCfg = Release|Any CPU
		{6296DDEB-CC8B-4768-BF32-3BF1D5CB743E}.Release|ARM.Build.0 = Release|Any CPU
		{6296DDEB-CC8B-4768-BF32-3BF1D5CB743E}.Release|x64.ActiveCfg = Release|Any CPU
		{6296DDEB-CC8B-4768-BF32-3BF1D5CB743E}.Release|x64.Build.0 = Release|Any CPU
		{6296DDEB-CC8B-4768-BF32-3BF1D5CB743E}.Release|x86.ActiveCfg = Release|Any CPU
		{6296DDEB-CC8B-4768-BF32-3BF1D5CB743E}.Release|x86.Build.0 = Release|Any CPU
		{AB8A63D8-EDE3-455A-B513-D5FB17DDEBD8}.Debug|Any CPU.ActiveCfg = Debug|Any CPU
		{AB8A63D8-EDE3-455A-B513-D5FB17DDEBD8}.Debug|Any CPU.Build.0 = Debug|Any CPU
		{AB8A63D8-EDE3-455A-B513-D5FB17DDEBD8}.Debug|ARM.ActiveCfg = Debug|Any CPU
		{AB8A63D8-EDE3-455A-B513-D5FB17DDEBD8}.Debug|ARM.Build.0 = Debug|Any CPU
		{AB8A63D8-EDE3-455A-B513-D5FB17DDEBD8}.Debug|x64.ActiveCfg = Debug|Any CPU
		{AB8A63D8-EDE3-455A-B513-D5FB17DDEBD8}.Debug|x64.Build.0 = Debug|Any CPU
		{AB8A63D8-EDE3-455A-B513-D5FB17DDEBD8}.Debug|x86.ActiveCfg = Debug|Any CPU
		{AB8A63D8-EDE3-455A-B513-D5FB17DDEBD8}.Debug|x86.Build.0 = Debug|Any CPU
		{AB8A63D8-EDE3-455A-B513-D5FB17DDEBD8}.Release|Any CPU.ActiveCfg = Release|Any CPU
		{AB8A63D8-EDE3-455A-B513-D5FB17DDEBD8}.Release|Any CPU.Build.0 = Release|Any CPU
		{AB8A63D8-EDE3-455A-B513-D5FB17DDEBD8}.Release|ARM.ActiveCfg = Release|Any CPU
		{AB8A63D8-EDE3-455A-B513-D5FB17DDEBD8}.Release|ARM.Build.0 = Release|Any CPU
		{AB8A63D8-EDE3-455A-B513-D5FB17DDEBD8}.Release|x64.ActiveCfg = Release|Any CPU
		{AB8A63D8-EDE3-455A-B513-D5FB17DDEBD8}.Release|x64.Build.0 = Release|Any CPU
		{AB8A63D8-EDE3-455A-B513-D5FB17DDEBD8}.Release|x86.ActiveCfg = Release|Any CPU
		{AB8A63D8-EDE3-455A-B513-D5FB17DDEBD8}.Release|x86.Build.0 = Release|Any CPU
		{E9A12053-6596-4CC8-B31C-515762985837}.Debug|Any CPU.ActiveCfg = Debug|Any CPU
		{E9A12053-6596-4CC8-B31C-515762985837}.Debug|Any CPU.Build.0 = Debug|Any CPU
		{E9A12053-6596-4CC8-B31C-515762985837}.Debug|ARM.ActiveCfg = Debug|Any CPU
		{E9A12053-6596-4CC8-B31C-515762985837}.Debug|ARM.Build.0 = Debug|Any CPU
		{E9A12053-6596-4CC8-B31C-515762985837}.Debug|x64.ActiveCfg = Debug|Any CPU
		{E9A12053-6596-4CC8-B31C-515762985837}.Debug|x64.Build.0 = Debug|Any CPU
		{E9A12053-6596-4CC8-B31C-515762985837}.Debug|x86.ActiveCfg = Debug|Any CPU
		{E9A12053-6596-4CC8-B31C-515762985837}.Debug|x86.Build.0 = Debug|Any CPU
		{E9A12053-6596-4CC8-B31C-515762985837}.Release|Any CPU.ActiveCfg = Release|Any CPU
		{E9A12053-6596-4CC8-B31C-515762985837}.Release|Any CPU.Build.0 = Release|Any CPU
		{E9A12053-6596-4CC8-B31C-515762985837}.Release|ARM.ActiveCfg = Release|Any CPU
		{E9A12053-6596-4CC8-B31C-515762985837}.Release|ARM.Build.0 = Release|Any CPU
		{E9A12053-6596-4CC8-B31C-515762985837}.Release|x64.ActiveCfg = Release|Any CPU
		{E9A12053-6596-4CC8-B31C-515762985837}.Release|x64.Build.0 = Release|Any CPU
		{E9A12053-6596-4CC8-B31C-515762985837}.Release|x86.ActiveCfg = Release|Any CPU
		{E9A12053-6596-4CC8-B31C-515762985837}.Release|x86.Build.0 = Release|Any CPU
		{08032031-71FA-4F16-B306-DB5F2903DEFD}.Debug|Any CPU.ActiveCfg = Debug|Any CPU
		{08032031-71FA-4F16-B306-DB5F2903DEFD}.Debug|Any CPU.Build.0 = Debug|Any CPU
		{08032031-71FA-4F16-B306-DB5F2903DEFD}.Debug|ARM.ActiveCfg = Debug|Any CPU
		{08032031-71FA-4F16-B306-DB5F2903DEFD}.Debug|ARM.Build.0 = Debug|Any CPU
		{08032031-71FA-4F16-B306-DB5F2903DEFD}.Debug|x64.ActiveCfg = Debug|Any CPU
		{08032031-71FA-4F16-B306-DB5F2903DEFD}.Debug|x64.Build.0 = Debug|Any CPU
		{08032031-71FA-4F16-B306-DB5F2903DEFD}.Debug|x86.ActiveCfg = Debug|Any CPU
		{08032031-71FA-4F16-B306-DB5F2903DEFD}.Debug|x86.Build.0 = Debug|Any CPU
		{08032031-71FA-4F16-B306-DB5F2903DEFD}.Release|Any CPU.ActiveCfg = Release|Any CPU
		{08032031-71FA-4F16-B306-DB5F2903DEFD}.Release|Any CPU.Build.0 = Release|Any CPU
		{08032031-71FA-4F16-B306-DB5F2903DEFD}.Release|ARM.ActiveCfg = Release|Any CPU
		{08032031-71FA-4F16-B306-DB5F2903DEFD}.Release|ARM.Build.0 = Release|Any CPU
		{08032031-71FA-4F16-B306-DB5F2903DEFD}.Release|x64.ActiveCfg = Release|Any CPU
		{08032031-71FA-4F16-B306-DB5F2903DEFD}.Release|x64.Build.0 = Release|Any CPU
		{08032031-71FA-4F16-B306-DB5F2903DEFD}.Release|x86.ActiveCfg = Release|Any CPU
		{08032031-71FA-4F16-B306-DB5F2903DEFD}.Release|x86.Build.0 = Release|Any CPU
		{1025CB56-7844-41E2-B77B-F490B12ACA8B}.Debug|Any CPU.ActiveCfg = Debug|Any CPU
		{1025CB56-7844-41E2-B77B-F490B12ACA8B}.Debug|Any CPU.Build.0 = Debug|Any CPU
		{1025CB56-7844-41E2-B77B-F490B12ACA8B}.Debug|ARM.ActiveCfg = Debug|Any CPU
		{1025CB56-7844-41E2-B77B-F490B12ACA8B}.Debug|ARM.Build.0 = Debug|Any CPU
		{1025CB56-7844-41E2-B77B-F490B12ACA8B}.Debug|x64.ActiveCfg = Debug|Any CPU
		{1025CB56-7844-41E2-B77B-F490B12ACA8B}.Debug|x64.Build.0 = Debug|Any CPU
		{1025CB56-7844-41E2-B77B-F490B12ACA8B}.Debug|x86.ActiveCfg = Debug|Any CPU
		{1025CB56-7844-41E2-B77B-F490B12ACA8B}.Debug|x86.Build.0 = Debug|Any CPU
		{1025CB56-7844-41E2-B77B-F490B12ACA8B}.Release|Any CPU.ActiveCfg = Release|Any CPU
		{1025CB56-7844-41E2-B77B-F490B12ACA8B}.Release|Any CPU.Build.0 = Release|Any CPU
		{1025CB56-7844-41E2-B77B-F490B12ACA8B}.Release|ARM.ActiveCfg = Release|Any CPU
		{1025CB56-7844-41E2-B77B-F490B12ACA8B}.Release|ARM.Build.0 = Release|Any CPU
		{1025CB56-7844-41E2-B77B-F490B12ACA8B}.Release|x64.ActiveCfg = Release|Any CPU
		{1025CB56-7844-41E2-B77B-F490B12ACA8B}.Release|x64.Build.0 = Release|Any CPU
		{1025CB56-7844-41E2-B77B-F490B12ACA8B}.Release|x86.ActiveCfg = Release|Any CPU
		{1025CB56-7844-41E2-B77B-F490B12ACA8B}.Release|x86.Build.0 = Release|Any CPU
		{82E174CA-BA67-4BD3-B026-4A1E946015D5}.Debug|Any CPU.ActiveCfg = Debug|Any CPU
		{82E174CA-BA67-4BD3-B026-4A1E946015D5}.Debug|Any CPU.Build.0 = Debug|Any CPU
		{82E174CA-BA67-4BD3-B026-4A1E946015D5}.Debug|ARM.ActiveCfg = Debug|Any CPU
		{82E174CA-BA67-4BD3-B026-4A1E946015D5}.Debug|ARM.Build.0 = Debug|Any CPU
		{82E174CA-BA67-4BD3-B026-4A1E946015D5}.Debug|x64.ActiveCfg = Debug|Any CPU
		{82E174CA-BA67-4BD3-B026-4A1E946015D5}.Debug|x64.Build.0 = Debug|Any CPU
		{82E174CA-BA67-4BD3-B026-4A1E946015D5}.Debug|x86.ActiveCfg = Debug|Any CPU
		{82E174CA-BA67-4BD3-B026-4A1E946015D5}.Debug|x86.Build.0 = Debug|Any CPU
		{82E174CA-BA67-4BD3-B026-4A1E946015D5}.Release|Any CPU.ActiveCfg = Release|Any CPU
		{82E174CA-BA67-4BD3-B026-4A1E946015D5}.Release|Any CPU.Build.0 = Release|Any CPU
		{82E174CA-BA67-4BD3-B026-4A1E946015D5}.Release|ARM.ActiveCfg = Release|Any CPU
		{82E174CA-BA67-4BD3-B026-4A1E946015D5}.Release|ARM.Build.0 = Release|Any CPU
		{82E174CA-BA67-4BD3-B026-4A1E946015D5}.Release|x64.ActiveCfg = Release|Any CPU
		{82E174CA-BA67-4BD3-B026-4A1E946015D5}.Release|x64.Build.0 = Release|Any CPU
		{82E174CA-BA67-4BD3-B026-4A1E946015D5}.Release|x86.ActiveCfg = Release|Any CPU
		{82E174CA-BA67-4BD3-B026-4A1E946015D5}.Release|x86.Build.0 = Release|Any CPU
		{B79E224E-773F-4FD4-AA31-8BCDD0657FAA}.Debug|Any CPU.ActiveCfg = Debug|Any CPU
		{B79E224E-773F-4FD4-AA31-8BCDD0657FAA}.Debug|Any CPU.Build.0 = Debug|Any CPU
		{B79E224E-773F-4FD4-AA31-8BCDD0657FAA}.Debug|ARM.ActiveCfg = Debug|Any CPU
		{B79E224E-773F-4FD4-AA31-8BCDD0657FAA}.Debug|ARM.Build.0 = Debug|Any CPU
		{B79E224E-773F-4FD4-AA31-8BCDD0657FAA}.Debug|x64.ActiveCfg = Debug|Any CPU
		{B79E224E-773F-4FD4-AA31-8BCDD0657FAA}.Debug|x64.Build.0 = Debug|Any CPU
		{B79E224E-773F-4FD4-AA31-8BCDD0657FAA}.Debug|x86.ActiveCfg = Debug|Any CPU
		{B79E224E-773F-4FD4-AA31-8BCDD0657FAA}.Debug|x86.Build.0 = Debug|Any CPU
		{B79E224E-773F-4FD4-AA31-8BCDD0657FAA}.Release|Any CPU.ActiveCfg = Release|Any CPU
		{B79E224E-773F-4FD4-AA31-8BCDD0657FAA}.Release|Any CPU.Build.0 = Release|Any CPU
		{B79E224E-773F-4FD4-AA31-8BCDD0657FAA}.Release|ARM.ActiveCfg = Release|Any CPU
		{B79E224E-773F-4FD4-AA31-8BCDD0657FAA}.Release|ARM.Build.0 = Release|Any CPU
		{B79E224E-773F-4FD4-AA31-8BCDD0657FAA}.Release|x64.ActiveCfg = Release|Any CPU
		{B79E224E-773F-4FD4-AA31-8BCDD0657FAA}.Release|x64.Build.0 = Release|Any CPU
		{B79E224E-773F-4FD4-AA31-8BCDD0657FAA}.Release|x86.ActiveCfg = Release|Any CPU
		{B79E224E-773F-4FD4-AA31-8BCDD0657FAA}.Release|x86.Build.0 = Release|Any CPU
	EndGlobalSection
	GlobalSection(SolutionProperties) = preSolution
		HideSolutionNode = FALSE
	EndGlobalSection
	GlobalSection(NestedProjects) = preSolution
		{8353E497-A7BF-4899-82A0-BF73035730E9} = {16CA9069-7D8E-475D-B1D9-EA76AB1FF47A}
		{28741FF5-4DE7-4BE8-9837-D772B17A7388} = {D3790D32-BF93-41A8-868F-5B682F0D80D7}
		{106A9498-01BD-474A-BE5C-2B2DE1FE4716} = {D3790D32-BF93-41A8-868F-5B682F0D80D7}
		{F04DD37A-B421-4012-9892-117002E42785} = {88D0120C-F1F3-4B4A-BDC0-37872E2E2898}
		{5A78473A-B561-4917-B36C-B54703EB2133} = {D3790D32-BF93-41A8-868F-5B682F0D80D7}
		{D1D145DE-5F8D-4EBA-9DBF-9106D7D940F1} = {B2BD723E-5EBC-4F99-BFCA-B2C784EB9937}
		{6296DDEB-CC8B-4768-BF32-3BF1D5CB743E} = {02B11D2D-C011-45B0-84C5-4B86A744F92D}
		{AB8A63D8-EDE3-455A-B513-D5FB17DDEBD8} = {34F687A3-9468-45DE-AF61-0B772192D0A1}
		{E9A12053-6596-4CC8-B31C-515762985837} = {63F97F8F-5ED6-4172-B7DB-F4608E5BFFD9}
		{08032031-71FA-4F16-B306-DB5F2903DEFD} = {B0A167B6-FA25-41EE-A0FB-133533AABFC8}
		{1025CB56-7844-41E2-B77B-F490B12ACA8B} = {D3790D32-BF93-41A8-868F-5B682F0D80D7}
		{82E174CA-BA67-4BD3-B026-4A1E946015D5} = {FF27BF5B-1169-4FBC-907C-EDBA5F4F9113}
		{B79E224E-773F-4FD4-AA31-8BCDD0657FAA} = {8EDD5B62-20F7-4DAD-B935-F6937D958D88}
	EndGlobalSection
EndGlobal
